
Microsoft Visual Studio Solution File, Format Version 12.00
# Visual Studio 15
VisualStudioVersion = 15.0.35826.109
MinimumVisualStudioVersion = 10.0.40219.1
Project("{F184B08F-C81C-45F6-A57F-5ABD9991F28F}") = "SislogEletricos", "SislogEletricos\SislogEletricos.vbproj", "{0904B861-C7CF-48C6-A078-8CBABA1BB4F2}"
EndProject
Global
	GlobalSection(SolutionConfigurationPlatforms) = preSolution
		Debug|Any CPU = Debug|Any CPU
		Release|Any CPU = Release|Any CPU
	EndGlobalSection
	GlobalSection(ProjectConfigurationPlatforms) = postSolution
		{0904B861-C7CF-48C6-A078-8CBABA1BB4F2}.Debug|Any CPU.ActiveCfg = Debug|Any CPU
		{0904B861-C7CF-48C6-A078-8CBABA1BB4F2}.Debug|Any CPU.Build.0 = Debug|Any CPU
		{0904B861-C7CF-48C6-A078-8CBABA1BB4F2}.Release|Any CPU.ActiveCfg = Release|Any CPU
		{0904B861-C7CF-48C6-A078-8CBABA1BB4F2}.Release|Any CPU.Build.0 = Release|Any CPU
	EndGlobalSection
	GlobalSection(SolutionProperties) = preSolution
		HideSolutionNode = FALSE
	EndGlobalSection
	GlobalSection(ExtensibilityGlobals) = postSolution
		SolutionGuid = {47D4B070-42F8-4C80-BBDE-D34C4C0741CB}
	EndGlobalSection
EndGlobal
